// !$*UTF8*$!
{
	archiveVersion = 1;
	classes = {
	};
	objectVersion = 51;
	objects = {

/* Begin PBXBuildFile section */
		217794C12390CA2500C48E5A /* TodoListTableView.swift in Sources */ = {isa = PBXBuildFile; fileRef = 217794C02390CA2500C48E5A /* TodoListTableView.swift */; };
		21A229CD23978632004C833A /* DetailViewController.swift in Sources */ = {isa = PBXBuildFile; fileRef = 21A229CC23978632004C833A /* DetailViewController.swift */; };
		21A229CF2397878E004C833A /* DetailView1.swift in Sources */ = {isa = PBXBuildFile; fileRef = 21A229CE2397878E004C833A /* DetailView1.swift */; };
		21A229D323978EE1004C833A /* DetailView1.xib in Resources */ = {isa = PBXBuildFile; fileRef = 21A229D223978EE1004C833A /* DetailView1.xib */; };
		21AEB0F02396511600AA5E42 /* TodoItem.swift in Sources */ = {isa = PBXBuildFile; fileRef = 21AEB0EF2396511600AA5E42 /* TodoItem.swift */; };
		21AEB0F2239655B900AA5E42 /* ViewControllerConfigere.swift in Sources */ = {isa = PBXBuildFile; fileRef = 21AEB0F1239655B900AA5E42 /* ViewControllerConfigere.swift */; };
		21AEB0F5239658F900AA5E42 /* TodoCell.swift in Sources */ = {isa = PBXBuildFile; fileRef = 21AEB0F3239658F900AA5E42 /* TodoCell.swift */; };
		21AEB0F6239658F900AA5E42 /* TodoCell.xib in Resources */ = {isa = PBXBuildFile; fileRef = 21AEB0F4239658F900AA5E42 /* TodoCell.xib */; };
		21FEA845238FB2420073406B /* AppDelegate.swift in Sources */ = {isa = PBXBuildFile; fileRef = 21FEA844238FB2420073406B /* AppDelegate.swift */; };
		21FEA847238FB2420073406B /* SceneDelegate.swift in Sources */ = {isa = PBXBuildFile; fileRef = 21FEA846238FB2420073406B /* SceneDelegate.swift */; };
		21FEA849238FB2420073406B /* ViewController.swift in Sources */ = {isa = PBXBuildFile; fileRef = 21FEA848238FB2420073406B /* ViewController.swift */; };
		21FEA84C238FB2420073406B /* Main.storyboard in Resources */ = {isa = PBXBuildFile; fileRef = 21FEA84A238FB2420073406B /* Main.storyboard */; };
		21FEA84E238FB2450073406B /* Assets.xcassets in Resources */ = {isa = PBXBuildFile; fileRef = 21FEA84D238FB2450073406B /* Assets.xcassets */; };
		21FEA851238FB2450073406B /* LaunchScreen.storyboard in Resources */ = {isa = PBXBuildFile; fileRef = 21FEA84F238FB2450073406B /* LaunchScreen.storyboard */; };
		2D64C33FC82BB8910F099D96 /* Pods_RxSwiftTest.framework in Frameworks */ = {isa = PBXBuildFile; fileRef = 9852FDB0269B00CA961EECB2 /* Pods_RxSwiftTest.framework */; };
/* End PBXBuildFile section */

/* Begin PBXFileReference section */
		217794C02390CA2500C48E5A /* TodoListTableView.swift */ = {isa = PBXFileReference; lastKnownFileType = sourcecode.swift; path = TodoListTableView.swift; sourceTree = "<group>"; };
		21A229CC23978632004C833A /* DetailViewController.swift */ = {isa = PBXFileReference; lastKnownFileType = sourcecode.swift; path = DetailViewController.swift; sourceTree = "<group>"; };
		21A229CE2397878E004C833A /* DetailView1.swift */ = {isa = PBXFileReference; lastKnownFileType = sourcecode.swift; path = DetailView1.swift; sourceTree = "<group>"; };
		21A229D223978EE1004C833A /* DetailView1.xib */ = {isa = PBXFileReference; lastKnownFileType = file.xib; path = DetailView1.xib; sourceTree = "<group>"; };
		21AEB0EF2396511600AA5E42 /* TodoItem.swift */ = {isa = PBXFileReference; lastKnownFileType = sourcecode.swift; path = TodoItem.swift; sourceTree = "<group>"; };
		21AEB0F1239655B900AA5E42 /* ViewControllerConfigere.swift */ = {isa = PBXFileReference; lastKnownFileType = sourcecode.swift; path = ViewControllerConfigere.swift; sourceTree = "<group>"; };
		21AEB0F3239658F900AA5E42 /* TodoCell.swift */ = {isa = PBXFileReference; lastKnownFileType = sourcecode.swift; path = TodoCell.swift; sourceTree = "<group>"; };
		21AEB0F4239658F900AA5E42 /* TodoCell.xib */ = {isa = PBXFileReference; lastKnownFileType = file.xib; path = TodoCell.xib; sourceTree = "<group>"; };
		21FEA841238FB2420073406B /* RxSwiftTest.app */ = {isa = PBXFileReference; explicitFileType = wrapper.application; includeInIndex = 0; path = RxSwiftTest.app; sourceTree = BUILT_PRODUCTS_DIR; };
		21FEA844238FB2420073406B /* AppDelegate.swift */ = {isa = PBXFileReference; lastKnownFileType = sourcecode.swift; path = AppDelegate.swift; sourceTree = "<group>"; };
		21FEA846238FB2420073406B /* SceneDelegate.swift */ = {isa = PBXFileReference; lastKnownFileType = sourcecode.swift; path = SceneDelegate.swift; sourceTree = "<group>"; };
		21FEA848238FB2420073406B /* ViewController.swift */ = {isa = PBXFileReference; lastKnownFileType = sourcecode.swift; path = ViewController.swift; sourceTree = "<group>"; };
		21FEA84B238FB2420073406B /* Base */ = {isa = PBXFileReference; lastKnownFileType = file.storyboard; name = Base; path = Base.lproj/Main.storyboard; sourceTree = "<group>"; };
		21FEA84D238FB2450073406B /* Assets.xcassets */ = {isa = PBXFileReference; lastKnownFileType = folder.assetcatalog; path = Assets.xcassets; sourceTree = "<group>"; };
		21FEA850238FB2450073406B /* Base */ = {isa = PBXFileReference; lastKnownFileType = file.storyboard; name = Base; path = Base.lproj/LaunchScreen.storyboard; sourceTree = "<group>"; };
		21FEA852238FB2450073406B /* Info.plist */ = {isa = PBXFileReference; lastKnownFileType = text.plist.xml; path = Info.plist; sourceTree = "<group>"; };
		81E56DE770F349FEB90C0766 /* Pods-RxSwiftTest.release.xcconfig */ = {isa = PBXFileReference; includeInIndex = 1; lastKnownFileType = text.xcconfig; name = "Pods-RxSwiftTest.release.xcconfig"; path = "Target Support Files/Pods-RxSwiftTest/Pods-RxSwiftTest.release.xcconfig"; sourceTree = "<group>"; };
		9852FDB0269B00CA961EECB2 /* Pods_RxSwiftTest.framework */ = {isa = PBXFileReference; explicitFileType = wrapper.framework; includeInIndex = 0; path = Pods_RxSwiftTest.framework; sourceTree = BUILT_PRODUCTS_DIR; };
		B803F36B65261D6ACA569320 /* Pods-RxSwiftTest.debug.xcconfig */ = {isa = PBXFileReference; includeInIndex = 1; lastKnownFileType = text.xcconfig; name = "Pods-RxSwiftTest.debug.xcconfig"; path = "Target Support Files/Pods-RxSwiftTest/Pods-RxSwiftTest.debug.xcconfig"; sourceTree = "<group>"; };
/* End PBXFileReference section */

/* Begin PBXFrameworksBuildPhase section */
		21FEA83E238FB2420073406B /* Frameworks */ = {
			isa = PBXFrameworksBuildPhase;
			buildActionMask = 2147483647;
			files = (
				2D64C33FC82BB8910F099D96 /* Pods_RxSwiftTest.framework in Frameworks */,
			);
			runOnlyForDeploymentPostprocessing = 0;
		};
/* End PBXFrameworksBuildPhase section */

/* Begin PBXGroup section */
		21FEA838238FB2420073406B = {
			isa = PBXGroup;
			children = (
				21FEA843238FB2420073406B /* RxSwiftTest */,
				21FEA842238FB2420073406B /* Products */,
				B3A66A584ECA269072301706 /* Pods */,
				E16817F9288E2485CB75E558 /* Frameworks */,
			);
			sourceTree = "<group>";
		};
		21FEA842238FB2420073406B /* Products */ = {
			isa = PBXGroup;
			children = (
				21FEA841238FB2420073406B /* RxSwiftTest.app */,
			);
			name = Products;
			sourceTree = "<group>";
		};
		21FEA843238FB2420073406B /* RxSwiftTest */ = {
			isa = PBXGroup;
			children = (
				21FEA844238FB2420073406B /* AppDelegate.swift */,
				21FEA846238FB2420073406B /* SceneDelegate.swift */,
				21FEA848238FB2420073406B /* ViewController.swift */,
				21A229CC23978632004C833A /* DetailViewController.swift */,
				21A229CE2397878E004C833A /* DetailView1.swift */,
				21A229D223978EE1004C833A /* DetailView1.xib */,
				217794C02390CA2500C48E5A /* TodoListTableView.swift */,
				21AEB0F1239655B900AA5E42 /* ViewControllerConfigere.swift */,
				21AEB0EF2396511600AA5E42 /* TodoItem.swift */,
				21AEB0F3239658F900AA5E42 /* TodoCell.swift */,
				21AEB0F4239658F900AA5E42 /* TodoCell.xib */,
				21FEA84A238FB2420073406B /* Main.storyboard */,
				21FEA84D238FB2450073406B /* Assets.xcassets */,
				21FEA84F238FB2450073406B /* LaunchScreen.storyboard */,
				21FEA852238FB2450073406B /* Info.plist */,
			);
			path = RxSwiftTest;
			sourceTree = "<group>";
		};
		B3A66A584ECA269072301706 /* Pods */ = {
			isa = PBXGroup;
			children = (
				B803F36B65261D6ACA569320 /* Pods-RxSwiftTest.debug.xcconfig */,
				81E56DE770F349FEB90C0766 /* Pods-RxSwiftTest.release.xcconfig */,
			);
			path = Pods;
			sourceTree = "<group>";
		};
		E16817F9288E2485CB75E558 /* Frameworks */ = {
			isa = PBXGroup;
			children = (
				9852FDB0269B00CA961EECB2 /* Pods_RxSwiftTest.framework */,
			);
			name = Frameworks;
			sourceTree = "<group>";
		};
/* End PBXGroup section */

/* Begin PBXNativeTarget section */
		21FEA840238FB2420073406B /* RxSwiftTest */ = {
			isa = PBXNativeTarget;
			buildConfigurationList = 21FEA855238FB2450073406B /* Build configuration list for PBXNativeTarget "RxSwiftTest" */;
			buildPhases = (
				3F4A8BFD8513B657FC3B4180 /* [CP] Check Pods Manifest.lock */,
				21FEA83D238FB2420073406B /* Sources */,
				21FEA83E238FB2420073406B /* Frameworks */,
				21FEA83F238FB2420073406B /* Resources */,
				760835F05ED7E8FBAD5AD970 /* [CP] Embed Pods Frameworks */,
			);
			buildRules = (
			);
			dependencies = (
			);
			name = RxSwiftTest;
			productName = RxSwiftTest;
			productReference = 21FEA841238FB2420073406B /* RxSwiftTest.app */;
			productType = "com.apple.product-type.application";
		};
/* End PBXNativeTarget section */

/* Begin PBXProject section */
		21FEA839238FB2420073406B /* Project object */ = {
			isa = PBXProject;
			attributes = {
				LastSwiftUpdateCheck = 1120;
				LastUpgradeCheck = 1120;
				ORGANIZATIONNAME = igancao;
				TargetAttributes = {
					21FEA840238FB2420073406B = {
						CreatedOnToolsVersion = 11.2.1;
					};
				};
			};
			buildConfigurationList = 21FEA83C238FB2420073406B /* Build configuration list for PBXProject "RxSwiftTest" */;
			compatibilityVersion = "Xcode 9.3";
			developmentRegion = en;
			hasScannedForEncodings = 0;
			knownRegions = (
				en,
				Base,
			);
			mainGroup = 21FEA838238FB2420073406B;
			productRefGroup = 21FEA842238FB2420073406B /* Products */;
			projectDirPath = "";
			projectRoot = "";
			targets = (
				21FEA840238FB2420073406B /* RxSwiftTest */,
			);
		};
/* End PBXProject section */

/* Begin PBXResourcesBuildPhase section */
		21FEA83F238FB2420073406B /* Resources */ = {
			isa = PBXResourcesBuildPhase;
			buildActionMask = 2147483647;
			files = (
				21FEA851238FB2450073406B /* LaunchScreen.storyboard in Resources */,
				21FEA84E238FB2450073406B /* Assets.xcassets in Resources */,
				21FEA84C238FB2420073406B /* Main.storyboard in Resources */,
				21A229D323978EE1004C833A /* DetailView1.xib in Resources */,
				21AEB0F6239658F900AA5E42 /* TodoCell.xib in Resources */,
			);
			runOnlyForDeploymentPostprocessing = 0;
		};
/* End PBXResourcesBuildPhase section */

/* Begin PBXShellScriptBuildPhase section */
		3F4A8BFD8513B657FC3B4180 /* [CP] Check Pods Manifest.lock */ = {
			isa = PBXShellScriptBuildPhase;
			buildActionMask = 2147483647;
			files = (
			);
			inputFileListPaths = (
			);
			inputPaths = (
				"${PODS_PODFILE_DIR_PATH}/Podfile.lock",
				"${PODS_ROOT}/Manifest.lock",
			);
			name = "[CP] Check Pods Manifest.lock";
			outputFileListPaths = (
			);
			outputPaths = (
				"$(DERIVED_FILE_DIR)/Pods-RxSwiftTest-checkManifestLockResult.txt",
			);
			runOnlyForDeploymentPostprocessing = 0;
			shellPath = /bin/sh;
			shellScript = "diff \"${PODS_PODFILE_DIR_PATH}/Podfile.lock\" \"${PODS_ROOT}/Manifest.lock\" > /dev/null\nif [ $? != 0 ] ; then\n    # print error to STDERR\n    echo \"error: The sandbox is not in sync with the Podfile.lock. Run 'pod install' or update your CocoaPods installation.\" >&2\n    exit 1\nfi\n# This output is used by Xcode 'outputs' to avoid re-running this script phase.\necho \"SUCCESS\" > \"${SCRIPT_OUTPUT_FILE_0}\"\n";
			showEnvVarsInLog = 0;
		};
		760835F05ED7E8FBAD5AD970 /* [CP] Embed Pods Frameworks */ = {
			isa = PBXShellScriptBuildPhase;
			buildActionMask = 2147483647;
			files = (
			);
			inputFileListPaths = (
				"${PODS_ROOT}/Target Support Files/Pods-RxSwiftTest/Pods-RxSwiftTest-frameworks-${CONFIGURATION}-input-files.xcfilelist",
			);
			name = "[CP] Embed Pods Frameworks";
			outputFileListPaths = (
				"${PODS_ROOT}/Target Support Files/Pods-RxSwiftTest/Pods-RxSwiftTest-frameworks-${CONFIGURATION}-output-files.xcfilelist",
			);
			runOnlyForDeploymentPostprocessing = 0;
			shellPath = /bin/sh;
			shellScript = "\"${PODS_ROOT}/Target Support Files/Pods-RxSwiftTest/Pods-RxSwiftTest-frameworks.sh\"\n";
			showEnvVarsInLog = 0;
		};
/* End PBXShellScriptBuildPhase section */

/* Begin PBXSourcesBuildPhase section */
		21FEA83D238FB2420073406B /* Sources */ = {
			isa = PBXSourcesBuildPhase;
			buildActionMask = 2147483647;
			files = (
				21AEB0F02396511600AA5E42 /* TodoItem.swift in Sources */,
				21A229CF2397878E004C833A /* DetailView1.swift in Sources */,
				21AEB0F2239655B900AA5E42 /* ViewControllerConfigere.swift in Sources */,
				21AEB0F5239658F900AA5E42 /* TodoCell.swift in Sources */,
				21FEA849238FB2420073406B /* ViewController.swift in Sources */,
				21FEA845238FB2420073406B /* AppDelegate.swift in Sources */,
				21FEA847238FB2420073406B /* SceneDelegate.swift in Sources */,
				217794C12390CA2500C48E5A /* TodoListTableView.swift in Sources */,
				21A229CD23978632004C833A /* DetailViewController.swift in Sources */,
			);
			runOnlyForDeploymentPostprocessing = 0;
		};
/* End PBXSourcesBuildPhase section */

/* Begin PBXVariantGroup section */
		21FEA84A238FB2420073406B /* Main.storyboard */ = {
			isa = PBXVariantGroup;
			children = (
				21FEA84B238FB2420073406B /* Base */,
			);
			name = Main.storyboard;
			sourceTree = "<group>";
		};
		21FEA84F238FB2450073406B /* LaunchScreen.storyboard */ = {
			isa = PBXVariantGroup;
			children = (
				21FEA850238FB2450073406B /* Base */,
			);
			name = LaunchScreen.storyboard;
			sourceTree = "<group>";
		};
/* End PBXVariantGroup section */

/* Begin XCBuildConfiguration section */
		21FEA853238FB2450073406B /* Debug */ = {
			isa = XCBuildConfiguration;
			buildSettings = {
				ALWAYS_SEARCH_USER_PATHS = NO;
				CLANG_ANALYZER_NONNULL = YES;
				CLANG_ANALYZER_NUMBER_OBJECT_CONVERSION = YES_AGGRESSIVE;
				CLANG_CXX_LANGUAGE_STANDARD = "gnu++14";
				CLANG_CXX_LIBRARY = "libc++";
				CLANG_ENABLE_MODULES = YES;
				CLANG_ENABLE_OBJC_ARC = YES;
				CLANG_ENABLE_OBJC_WEAK = YES;
				CLANG_WARN_BLOCK_CAPTURE_AUTORELEASING = YES;
				CLANG_WARN_BOOL_CONVERSION = YES;
				CLANG_WARN_COMMA = YES;
				CLANG_WARN_CONSTANT_CONVERSION = YES;
				CLANG_WARN_DEPRECATED_OBJC_IMPLEMENTATIONS = YES;
				CLANG_WARN_DIRECT_OBJC_ISA_USAGE = YES_ERROR;
				CLANG_WARN_DOCUMENTATION_COMMENTS = YES;
				CLANG_WARN_EMPTY_BODY = YES;
				CLANG_WARN_ENUM_CONVERSION = YES;
				CLANG_WARN_INFINITE_RECURSION = YES;
				CLANG_WARN_INT_CONVERSION = YES;
				CLANG_WARN_NON_LITERAL_NULL_CONVERSION = YES;
				CLANG_WARN_OBJC_IMPLICIT_RETAIN_SELF = YES;
				CLANG_WARN_OBJC_LITERAL_CONVERSION = YES;
				CLANG_WARN_OBJC_ROOT_CLASS = YES_ERROR;
				CLANG_WARN_RANGE_LOOP_ANALYSIS = YES;
				CLANG_WARN_STRICT_PROTOTYPES = YES;
				CLANG_WARN_SUSPICIOUS_MOVE = YES;
				CLANG_WARN_UNGUARDED_AVAILABILITY = YES_AGGRESSIVE;
				CLANG_WARN_UNREACHABLE_CODE = YES;
				CLANG_WARN__DUPLICATE_METHOD_MATCH = YES;
				COPY_PHASE_STRIP = NO;
				DEBUG_INFORMATION_FORMAT = dwarf;
				ENABLE_STRICT_OBJC_MSGSEND = YES;
				ENABLE_TESTABILITY = YES;
				GCC_C_LANGUAGE_STANDARD = gnu11;
				GCC_DYNAMIC_NO_PIC = NO;
				GCC_NO_COMMON_BLOCKS = YES;
				GCC_OPTIMIZATION_LEVEL = 0;
				GCC_PREPROCESSOR_DEFINITIONS = (
					"DEBUG=1",
					"$(inherited)",
				);
				GCC_WARN_64_TO_32_BIT_CONVERSION = YES;
				GCC_WARN_ABOUT_RETURN_TYPE = YES_ERROR;
				GCC_WARN_UNDECLARED_SELECTOR = YES;
				GCC_WARN_UNINITIALIZED_AUTOS = YES_AGGRESSIVE;
				GCC_WARN_UNUSED_FUNCTION = YES;
				GCC_WARN_UNUSED_VARIABLE = YES;
				IPHONEOS_DEPLOYMENT_TARGET = 13.2;
				MTL_ENABLE_DEBUG_INFO = INCLUDE_SOURCE;
				MTL_FAST_MATH = YES;
				ONLY_ACTIVE_ARCH = YES;
				SDKROOT = iphoneos;
				SWIFT_ACTIVE_COMPILATION_CONDITIONS = DEBUG;
				SWIFT_OPTIMIZATION_LEVEL = "-Onone";
			};
			name = Debug;
		};
		21FEA854238FB2450073406B /* Release */ = {
			isa = XCBuildConfiguration;
			buildSettings = {
				ALWAYS_SEARCH_USER_PATHS = NO;
				CLANG_ANALYZER_NONNULL = YES;
				CLANG_ANALYZER_NUMBER_OBJECT_CONVERSION = YES_AGGRESSIVE;
				CLANG_CXX_LANGUAGE_STANDARD = "gnu++14";
				CLANG_CXX_LIBRARY = "libc++";
				CLANG_ENABLE_MODULES = YES;
				CLANG_ENABLE_OBJC_ARC = YES;
				CLANG_ENABLE_OBJC_WEAK = YES;
				CLANG_WARN_BLOCK_CAPTURE_AUTORELEASING = YES;
				CLANG_WARN_BOOL_CONVERSION = YES;
				CLANG_WARN_COMMA = YES;
				CLANG_WARN_CONSTANT_CONVERSION = YES;
				CLANG_WARN_DEPRECATED_OBJC_IMPLEMENTATIONS = YES;
				CLANG_WARN_DIRECT_OBJC_ISA_USAGE = YES_ERROR;
				CLANG_WARN_DOCUMENTATION_COMMENTS = YES;
				CLANG_WARN_EMPTY_BODY = YES;
				CLANG_WARN_ENUM_CONVERSION = YES;
				CLANG_WARN_INFINITE_RECURSION = YES;
				CLANG_WARN_INT_CONVERSION = YES;
				CLANG_WARN_NON_LITERAL_NULL_CONVERSION = YES;
				CLANG_WARN_OBJC_IMPLICIT_RETAIN_SELF = YES;
				CLANG_WARN_OBJC_LITERAL_CONVERSION = YES;
				CLANG_WARN_OBJC_ROOT_CLASS = YES_ERROR;
				CLANG_WARN_RANGE_LOOP_ANALYSIS = YES;
				CLANG_WARN_STRICT_PROTOTYPES = YES;
				CLANG_WARN_SUSPICIOUS_MOVE = YES;
				CLANG_WARN_UNGUARDED_AVAILABILITY = YES_AGGRESSIVE;
				CLANG_WARN_UNREACHABLE_CODE = YES;
				CLANG_WARN__DUPLICATE_METHOD_MATCH = YES;
				COPY_PHASE_STRIP = NO;
				DEBUG_INFORMATION_FORMAT = "dwarf-with-dsym";
				ENABLE_NS_ASSERTIONS = NO;
				ENABLE_STRICT_OBJC_MSGSEND = YES;
				GCC_C_LANGUAGE_STANDARD = gnu11;
				GCC_NO_COMMON_BLOCKS = YES;
				GCC_WARN_64_TO_32_BIT_CONVERSION = YES;
				GCC_WARN_ABOUT_RETURN_TYPE = YES_ERROR;
				GCC_WARN_UNDECLARED_SELECTOR = YES;
				GCC_WARN_UNINITIALIZED_AUTOS = YES_AGGRESSIVE;
				GCC_WARN_UNUSED_FUNCTION = YES;
				GCC_WARN_UNUSED_VARIABLE = YES;
				IPHONEOS_DEPLOYMENT_TARGET = 13.2;
				MTL_ENABLE_DEBUG_INFO = NO;
				MTL_FAST_MATH = YES;
				SDKROOT = iphoneos;
				SWIFT_COMPILATION_MODE = wholemodule;
				SWIFT_OPTIMIZATION_LEVEL = "-O";
				VALIDATE_PRODUCT = YES;
			};
			name = Release;
		};
		21FEA856238FB2450073406B /* Debug */ = {
			isa = XCBuildConfiguration;
			baseConfigurationReference = B803F36B65261D6ACA569320 /* Pods-RxSwiftTest.debug.xcconfig */;
			buildSettings = {
				ASSETCATALOG_COMPILER_APPICON_NAME = AppIcon;
				CODE_SIGN_STYLE = Automatic;
				DEVELOPMENT_TEAM = 5B83538JM2;
				INFOPLIST_FILE = RxSwiftTest/Info.plist;
				IPHONEOS_DEPLOYMENT_TARGET = 13.0;
				LD_RUNPATH_SEARCH_PATHS = (
					"$(inherited)",
					"@executable_path/Frameworks",
				);
				PRODUCT_BUNDLE_IDENTIFIER = com.igancao.user.RxSwiftTest;
				PRODUCT_NAME = "$(TARGET_NAME)";
				SWIFT_VERSION = 5.0;
				TARGETED_DEVICE_FAMILY = 1;
			};
			name = Debug;
		};
		21FEA857238FB2450073406B /* Release */ = {
			isa = XCBuildConfiguration;
			baseConfigurationReference = 81E56DE770F349FEB90C0766 /* Pods-RxSwiftTest.release.xcconfig */;
			buildSettings = {
				ASSETCATALOG_COMPILER_APPICON_NAME = AppIcon;
				CODE_SIGN_STYLE = Automatic;
				DEVELOPMENT_TEAM = 5B83538JM2;
				INFOPLIST_FILE = RxSwiftTest/Info.plist;
				IPHONEOS_DEPLOYMENT_TARGET = 13.0;
				LD_RUNPATH_SEARCH_PATHS = (
					"$(inherited)",
					"@executable_path/Frameworks",
				);
				PRODUCT_BUNDLE_IDENTIFIER = com.igancao.user.RxSwiftTest;
				PRODUCT_NAME = "$(TARGET_NAME)";
				SWIFT_VERSION = 5.0;
				TARGETED_DEVICE_FAMILY = 1;
			};
			name = Release;
		};
/* End XCBuildConfiguration section */

/* Begin XCConfigurationList section */
		21FEA83C238FB2420073406B /* Build configuration list for PBXProject "RxSwiftTest" */ = {
			isa = XCConfigurationList;
			buildConfigurations = (
				21FEA853238FB2450073406B /* Debug */,
				21FEA854238FB2450073406B /* Release */,
			);
			defaultConfigurationIsVisible = 0;
			defaultConfigurationName = Release;
		};
		21FEA855238FB2450073406B /* Build configuration list for PBXNativeTarget "RxSwiftTest" */ = {
			isa = XCConfigurationList;
			buildConfigurations = (
				21FEA856238FB2450073406B /* Debug */,
				21FEA857238FB2450073406B /* Release */,
			);
			defaultConfigurationIsVisible = 0;
			defaultConfigurationName = Release;
		};
/* End XCConfigurationList section */
	};
	rootObject = 21FEA839238FB2420073406B /* Project object */;
}
